// !$*UTF8*$!
{
	archiveVersion = 1;
	classes = {
	};
	objectVersion = 50;
	objects = {

/* Begin PBXBuildFile section */
		9FB9B7F724B2796F00A266B3 /* AppDelegate.swift in Sources */ = {isa = PBXBuildFile; fileRef = 9FB9B7F624B2796F00A266B3 /* AppDelegate.swift */; };
		9FB9B7F924B2796F00A266B3 /* SceneDelegate.swift in Sources */ = {isa = PBXBuildFile; fileRef = 9FB9B7F824B2796F00A266B3 /* SceneDelegate.swift */; };
		9FB9B7FB24B2796F00A266B3 /* ViewController.swift in Sources */ = {isa = PBXBuildFile; fileRef = 9FB9B7FA24B2796F00A266B3 /* ViewController.swift */; };
		9FB9B7FE24B2796F00A266B3 /* Main.storyboard in Resources */ = {isa = PBXBuildFile; fileRef = 9FB9B7FC24B2796F00A266B3 /* Main.storyboard */; };
		9FB9B80024B2797300A266B3 /* Assets.xcassets in Resources */ = {isa = PBXBuildFile; fileRef = 9FB9B7FF24B2797300A266B3 /* Assets.xcassets */; };
		9FB9B80324B2797300A266B3 /* LaunchScreen.storyboard in Resources */ = {isa = PBXBuildFile; fileRef = 9FB9B80124B2797300A266B3 /* LaunchScreen.storyboard */; };
		9FB9B80E24B2797300A266B3 /* ReadMoreLabelTests.swift in Sources */ = {isa = PBXBuildFile; fileRef = 9FB9B80D24B2797300A266B3 /* ReadMoreLabelTests.swift */; };
		9FB9B81924B2797300A266B3 /* ReadMoreLabelUITests.swift in Sources */ = {isa = PBXBuildFile; fileRef = 9FB9B81824B2797300A266B3 /* ReadMoreLabelUITests.swift */; };
/* End PBXBuildFile section */

/* Begin PBXContainerItemProxy section */
		9FB9B80A24B2797300A266B3 /* PBXContainerItemProxy */ = {
			isa = PBXContainerItemProxy;
			containerPortal = 9FB9B7EB24B2796F00A266B3 /* Project object */;
			proxyType = 1;
			remoteGlobalIDString = 9FB9B7F224B2796F00A266B3;
			remoteInfo = ReadMoreLabel;
		};
		9FB9B81524B2797300A266B3 /* PBXContainerItemProxy */ = {
			isa = PBXContainerItemProxy;
			containerPortal = 9FB9B7EB24B2796F00A266B3 /* Project object */;
			proxyType = 1;
			remoteGlobalIDString = 9FB9B7F224B2796F00A266B3;
			remoteInfo = ReadMoreLabel;
		};
/* End PBXContainerItemProxy section */

/* Begin PBXFileReference section */
		9FB9B7F324B2796F00A266B3 /* ReadMoreLabel.app */ = {isa = PBXFileReference; explicitFileType = wrapper.application; includeInIndex = 0; path = ReadMoreLabel.app; sourceTree = BUILT_PRODUCTS_DIR; };
		9FB9B7F624B2796F00A266B3 /* AppDelegate.swift */ = {isa = PBXFileReference; lastKnownFileType = sourcecode.swift; path = AppDelegate.swift; sourceTree = "<group>"; };
		9FB9B7F824B2796F00A266B3 /* SceneDelegate.swift */ = {isa = PBXFileReference; lastKnownFileType = sourcecode.swift; path = SceneDelegate.swift; sourceTree = "<group>"; };
		9FB9B7FA24B2796F00A266B3 /* ViewController.swift */ = {isa = PBXFileReference; lastKnownFileType = sourcecode.swift; path = ViewController.swift; sourceTree = "<group>"; };
		9FB9B7FD24B2796F00A266B3 /* Base */ = {isa = PBXFileReference; lastKnownFileType = file.storyboard; name = Base; path = Base.lproj/Main.storyboard; sourceTree = "<group>"; };
		9FB9B7FF24B2797300A266B3 /* Assets.xcassets */ = {isa = PBXFileReference; lastKnownFileType = folder.assetcatalog; path = Assets.xcassets; sourceTree = "<group>"; };
		9FB9B80224B2797300A266B3 /* Base */ = {isa = PBXFileReference; lastKnownFileType = file.storyboard; name = Base; path = Base.lproj/LaunchScreen.storyboard; sourceTree = "<group>"; };
		9FB9B80424B2797300A266B3 /* Info.plist */ = {isa = PBXFileReference; lastKnownFileType = text.plist.xml; path = Info.plist; sourceTree = "<group>"; };
		9FB9B80924B2797300A266B3 /* ReadMoreLabelTests.xctest */ = {isa = PBXFileReference; explicitFileType = wrapper.cfbundle; includeInIndex = 0; path = ReadMoreLabelTests.xctest; sourceTree = BUILT_PRODUCTS_DIR; };
		9FB9B80D24B2797300A266B3 /* ReadMoreLabelTests.swift */ = {isa = PBXFileReference; lastKnownFileType = sourcecode.swift; path = ReadMoreLabelTests.swift; sourceTree = "<group>"; };
		9FB9B80F24B2797300A266B3 /* Info.plist */ = {isa = PBXFileReference; lastKnownFileType = text.plist.xml; path = Info.plist; sourceTree = "<group>"; };
		9FB9B81424B2797300A266B3 /* ReadMoreLabelUITests.xctest */ = {isa = PBXFileReference; explicitFileType = wrapper.cfbundle; includeInIndex = 0; path = ReadMoreLabelUITests.xctest; sourceTree = BUILT_PRODUCTS_DIR; };
		9FB9B81824B2797300A266B3 /* ReadMoreLabelUITests.swift */ = {isa = PBXFileReference; lastKnownFileType = sourcecode.swift; path = ReadMoreLabelUITests.swift; sourceTree = "<group>"; };
		9FB9B81A24B2797300A266B3 /* Info.plist */ = {isa = PBXFileReference; lastKnownFileType = text.plist.xml; path = Info.plist; sourceTree = "<group>"; };
/* End PBXFileReference section */

/* Begin PBXFrameworksBuildPhase section */
		9FB9B7F024B2796F00A266B3 /* Frameworks */ = {
			isa = PBXFrameworksBuildPhase;
			buildActionMask = 2147483647;
			files = (
			);
			runOnlyForDeploymentPostprocessing = 0;
		};
		9FB9B80624B2797300A266B3 /* Frameworks */ = {
			isa = PBXFrameworksBuildPhase;
			buildActionMask = 2147483647;
			files = (
			);
			runOnlyForDeploymentPostprocessing = 0;
		};
		9FB9B81124B2797300A266B3 /* Frameworks */ = {
			isa = PBXFrameworksBuildPhase;
			buildActionMask = 2147483647;
			files = (
			);
			runOnlyForDeploymentPostprocessing = 0;
		};
/* End PBXFrameworksBuildPhase section */

/* Begin PBXGroup section */
		9FB9B7EA24B2796F00A266B3 = {
			isa = PBXGroup;
			children = (
				9FB9B7F524B2796F00A266B3 /* ReadMoreLabel */,
				9FB9B80C24B2797300A266B3 /* ReadMoreLabelTests */,
				9FB9B81724B2797300A266B3 /* ReadMoreLabelUITests */,
				9FB9B7F424B2796F00A266B3 /* Products */,
			);
			sourceTree = "<group>";
		};
		9FB9B7F424B2796F00A266B3 /* Products */ = {
			isa = PBXGroup;
			children = (
				9FB9B7F324B2796F00A266B3 /* ReadMoreLabel.app */,
				9FB9B80924B2797300A266B3 /* ReadMoreLabelTests.xctest */,
				9FB9B81424B2797300A266B3 /* ReadMoreLabelUITests.xctest */,
			);
			name = Products;
			sourceTree = "<group>";
		};
		9FB9B7F524B2796F00A266B3 /* ReadMoreLabel */ = {
			isa = PBXGroup;
			children = (
				9FB9B7F624B2796F00A266B3 /* AppDelegate.swift */,
				9FB9B7F824B2796F00A266B3 /* SceneDelegate.swift */,
				9FB9B7FA24B2796F00A266B3 /* ViewController.swift */,
				9FB9B7FC24B2796F00A266B3 /* Main.storyboard */,
				9FB9B7FF24B2797300A266B3 /* Assets.xcassets */,
				9FB9B80124B2797300A266B3 /* LaunchScreen.storyboard */,
				9FB9B80424B2797300A266B3 /* Info.plist */,
			);
			path = ReadMoreLabel;
			sourceTree = "<group>";
		};
		9FB9B80C24B2797300A266B3 /* ReadMoreLabelTests */ = {
			isa = PBXGroup;
			children = (
				9FB9B80D24B2797300A266B3 /* ReadMoreLabelTests.swift */,
				9FB9B80F24B2797300A266B3 /* Info.plist */,
			);
			path = ReadMoreLabelTests;
			sourceTree = "<group>";
		};
		9FB9B81724B2797300A266B3 /* ReadMoreLabelUITests */ = {
			isa = PBXGroup;
			children = (
				9FB9B81824B2797300A266B3 /* ReadMoreLabelUITests.swift */,
				9FB9B81A24B2797300A266B3 /* Info.plist */,
			);
			path = ReadMoreLabelUITests;
			sourceTree = "<group>";
		};
/* End PBXGroup section */

/* Begin PBXNativeTarget section */
		9FB9B7F224B2796F00A266B3 /* ReadMoreLabel */ = {
			isa = PBXNativeTarget;
			buildConfigurationList = 9FB9B81D24B2797300A266B3 /* Build configuration list for PBXNativeTarget "ReadMoreLabel" */;
			buildPhases = (
				9FB9B7EF24B2796F00A266B3 /* Sources */,
				9FB9B7F024B2796F00A266B3 /* Frameworks */,
				9FB9B7F124B2796F00A266B3 /* Resources */,
			);
			buildRules = (
			);
			dependencies = (
			);
			name = ReadMoreLabel;
			productName = ReadMoreLabel;
			productReference = 9FB9B7F324B2796F00A266B3 /* ReadMoreLabel.app */;
			productType = "com.apple.product-type.application";
		};
		9FB9B80824B2797300A266B3 /* ReadMoreLabelTests */ = {
			isa = PBXNativeTarget;
			buildConfigurationList = 9FB9B82024B2797300A266B3 /* Build configuration list for PBXNativeTarget "ReadMoreLabelTests" */;
			buildPhases = (
				9FB9B80524B2797300A266B3 /* Sources */,
				9FB9B80624B2797300A266B3 /* Frameworks */,
				9FB9B80724B2797300A266B3 /* Resources */,
			);
			buildRules = (
			);
			dependencies = (
				9FB9B80B24B2797300A266B3 /* PBXTargetDependency */,
			);
			name = ReadMoreLabelTests;
			productName = ReadMoreLabelTests;
			productReference = 9FB9B80924B2797300A266B3 /* ReadMoreLabelTests.xctest */;
			productType = "com.apple.product-type.bundle.unit-test";
		};
		9FB9B81324B2797300A266B3 /* ReadMoreLabelUITests */ = {
			isa = PBXNativeTarget;
			buildConfigurationList = 9FB9B82324B2797300A266B3 /* Build configuration list for PBXNativeTarget "ReadMoreLabelUITests" */;
			buildPhases = (
				9FB9B81024B2797300A266B3 /* Sources */,
				9FB9B81124B2797300A266B3 /* Frameworks */,
				9FB9B81224B2797300A266B3 /* Resources */,
			);
			buildRules = (
			);
			dependencies = (
				9FB9B81624B2797300A266B3 /* PBXTargetDependency */,
			);
			name = ReadMoreLabelUITests;
			productName = ReadMoreLabelUITests;
			productReference = 9FB9B81424B2797300A266B3 /* ReadMoreLabelUITests.xctest */;
			productType = "com.apple.product-type.bundle.ui-testing";
		};
/* End PBXNativeTarget section */

/* Begin PBXProject section */
		9FB9B7EB24B2796F00A266B3 /* Project object */ = {
			isa = PBXProject;
			attributes = {
				LastSwiftUpdateCheck = 1150;
				LastUpgradeCheck = 1150;
				ORGANIZATIONNAME = "Cedan Misquith";
				TargetAttributes = {
					9FB9B7F224B2796F00A266B3 = {
						CreatedOnToolsVersion = 11.5;
					};
					9FB9B80824B2797300A266B3 = {
						CreatedOnToolsVersion = 11.5;
						TestTargetID = 9FB9B7F224B2796F00A266B3;
					};
					9FB9B81324B2797300A266B3 = {
						CreatedOnToolsVersion = 11.5;
						TestTargetID = 9FB9B7F224B2796F00A266B3;
					};
				};
			};
			buildConfigurationList = 9FB9B7EE24B2796F00A266B3 /* Build configuration list for PBXProject "ReadMoreLabel" */;
			compatibilityVersion = "Xcode 9.3";
			developmentRegion = en;
			hasScannedForEncodings = 0;
			knownRegions = (
				en,
				Base,
			);
			mainGroup = 9FB9B7EA24B2796F00A266B3;
			productRefGroup = 9FB9B7F424B2796F00A266B3 /* Products */;
			projectDirPath = "";
			projectRoot = "";
			targets = (
				9FB9B7F224B2796F00A266B3 /* ReadMoreLabel */,
				9FB9B80824B2797300A266B3 /* ReadMoreLabelTests */,
				9FB9B81324B2797300A266B3 /* ReadMoreLabelUITests */,
			);
		};
/* End PBXProject section */

/* Begin PBXResourcesBuildPhase section */
		9FB9B7F124B2796F00A266B3 /* Resources */ = {
			isa = PBXResourcesBuildPhase;
			buildActionMask = 2147483647;
			files = (
				9FB9B80324B2797300A266B3 /* LaunchScreen.storyboard in Resources */,
				9FB9B80024B2797300A266B3 /* Assets.xcassets in Resources */,
				9FB9B7FE24B2796F00A266B3 /* Main.storyboard in Resources */,
			);
			runOnlyForDeploymentPostprocessing = 0;
		};
		9FB9B80724B2797300A266B3 /* Resources */ = {
			isa = PBXResourcesBuildPhase;
			buildActionMask = 2147483647;
			files = (
			);
			runOnlyForDeploymentPostprocessing = 0;
		};
		9FB9B81224B2797300A266B3 /* Resources */ = {
			isa = PBXResourcesBuildPhase;
			buildActionMask = 2147483647;
			files = (
			);
			runOnlyForDeploymentPostprocessing = 0;
		};
/* End PBXResourcesBuildPhase section */

/* Begin PBXSourcesBuildPhase section */
		9FB9B7EF24B2796F00A266B3 /* Sources */ = {
			isa = PBXSourcesBuildPhase;
			buildActionMask = 2147483647;
			files = (
				9FB9B7FB24B2796F00A266B3 /* ViewController.swift in Sources */,
				9FB9B7F724B2796F00A266B3 /* AppDelegate.swift in Sources */,
				9FB9B7F924B2796F00A266B3 /* SceneDelegate.swift in Sources */,
			);
			runOnlyForDeploymentPostprocessing = 0;
		};
		9FB9B80524B2797300A266B3 /* Sources */ = {
			isa = PBXSourcesBuildPhase;
			buildActionMask = 2147483647;
			files = (
				9FB9B80E24B2797300A266B3 /* ReadMoreLabelTests.swift in Sources */,
			);
			runOnlyForDeploymentPostprocessing = 0;
		};
		9FB9B81024B2797300A266B3 /* Sources */ = {
			isa = PBXSourcesBuildPhase;
			buildActionMask = 2147483647;
			files = (
				9FB9B81924B2797300A266B3 /* ReadMoreLabelUITests.swift in Sources */,
			);
			runOnlyForDeploymentPostprocessing = 0;
		};
/* End PBXSourcesBuildPhase section */

/* Begin PBXTargetDependency section */
		9FB9B80B24B2797300A266B3 /* PBXTargetDependency */ = {
			isa = PBXTargetDependency;
			target = 9FB9B7F224B2796F00A266B3 /* ReadMoreLabel */;
			targetProxy = 9FB9B80A24B2797300A266B3 /* PBXContainerItemProxy */;
		};
		9FB9B81624B2797300A266B3 /* PBXTargetDependency */ = {
			isa = PBXTargetDependency;
			target = 9FB9B7F224B2796F00A266B3 /* ReadMoreLabel */;
			targetProxy = 9FB9B81524B2797300A266B3 /* PBXContainerItemProxy */;
		};
/* End PBXTargetDependency section */

/* Begin PBXVariantGroup section */
		9FB9B7FC24B2796F00A266B3 /* Main.storyboard */ = {
			isa = PBXVariantGroup;
			children = (
				9FB9B7FD24B2796F00A266B3 /* Base */,
			);
			name = Main.storyboard;
			sourceTree = "<group>";
		};
		9FB9B80124B2797300A266B3 /* LaunchScreen.storyboard */ = {
			isa = PBXVariantGroup;
			children = (
				9FB9B80224B2797300A266B3 /* Base */,
			);
			name = LaunchScreen.storyboard;
			sourceTree = "<group>";
		};
/* End PBXVariantGroup section */

/* Begin XCBuildConfiguration section */
		9FB9B81B24B2797300A266B3 /* Debug */ = {
			isa = XCBuildConfiguration;
			buildSettings = {
				ALWAYS_SEARCH_USER_PATHS = NO;
				CLANG_ANALYZER_NONNULL = YES;
				CLANG_ANALYZER_NUMBER_OBJECT_CONVERSION = YES_AGGRESSIVE;
				CLANG_CXX_LANGUAGE_STANDARD = "gnu++14";
				CLANG_CXX_LIBRARY = "libc++";
				CLANG_ENABLE_MODULES = YES;
				CLANG_ENABLE_OBJC_ARC = YES;
				CLANG_ENABLE_OBJC_WEAK = YES;
				CLANG_WARN_BLOCK_CAPTURE_AUTORELEASING = YES;
				CLANG_WARN_BOOL_CONVERSION = YES;
				CLANG_WARN_COMMA = YES;
				CLANG_WARN_CONSTANT_CONVERSION = YES;
				CLANG_WARN_DEPRECATED_OBJC_IMPLEMENTATIONS = YES;
				CLANG_WARN_DIRECT_OBJC_ISA_USAGE = YES_ERROR;
				CLANG_WARN_DOCUMENTATION_COMMENTS = YES;
				CLANG_WARN_EMPTY_BODY = YES;
				CLANG_WARN_ENUM_CONVERSION = YES;
				CLANG_WARN_INFINITE_RECURSION = YES;
				CLANG_WARN_INT_CONVERSION = YES;
				CLANG_WARN_NON_LITERAL_NULL_CONVERSION = YES;
				CLANG_WARN_OBJC_IMPLICIT_RETAIN_SELF = YES;
				CLANG_WARN_OBJC_LITERAL_CONVERSION = YES;
				CLANG_WARN_OBJC_ROOT_CLASS = YES_ERROR;
				CLANG_WARN_RANGE_LOOP_ANALYSIS = YES;
				CLANG_WARN_STRICT_PROTOTYPES = YES;
				CLANG_WARN_SUSPICIOUS_MOVE = YES;
				CLANG_WARN_UNGUARDED_AVAILABILITY = YES_AGGRESSIVE;
				CLANG_WARN_UNREACHABLE_CODE = YES;
				CLANG_WARN__DUPLICATE_METHOD_MATCH = YES;
				COPY_PHASE_STRIP = NO;
				DEBUG_INFORMATION_FORMAT = dwarf;
				ENABLE_STRICT_OBJC_MSGSEND = YES;
				ENABLE_TESTABILITY = YES;
				GCC_C_LANGUAGE_STANDARD = gnu11;
				GCC_DYNAMIC_NO_PIC = NO;
				GCC_NO_COMMON_BLOCKS = YES;
				GCC_OPTIMIZATION_LEVEL = 0;
				GCC_PREPROCESSOR_DEFINITIONS = (
					"DEBUG=1",
					"$(inherited)",
				);
				GCC_WARN_64_TO_32_BIT_CONVERSION = YES;
				GCC_WARN_ABOUT_RETURN_TYPE = YES_ERROR;
				GCC_WARN_UNDECLARED_SELECTOR = YES;
				GCC_WARN_UNINITIALIZED_AUTOS = YES_AGGRESSIVE;
				GCC_WARN_UNUSED_FUNCTION = YES;
				GCC_WARN_UNUSED_VARIABLE = YES;
				IPHONEOS_DEPLOYMENT_TARGET = 13.5;
				MTL_ENABLE_DEBUG_INFO = INCLUDE_SOURCE;
				MTL_FAST_MATH = YES;
				ONLY_ACTIVE_ARCH = YES;
				SDKROOT = iphoneos;
				SWIFT_ACTIVE_COMPILATION_CONDITIONS = DEBUG;
				SWIFT_OPTIMIZATION_LEVEL = "-Onone";
			};
			name = Debug;
		};
		9FB9B81C24B2797300A266B3 /* Release */ = {
			isa = XCBuildConfiguration;
			buildSettings = {
				ALWAYS_SEARCH_USER_PATHS = NO;
				CLANG_ANALYZER_NONNULL = YES;
				CLANG_ANALYZER_NUMBER_OBJECT_CONVERSION = YES_AGGRESSIVE;
				CLANG_CXX_LANGUAGE_STANDARD = "gnu++14";
				CLANG_CXX_LIBRARY = "libc++";
				CLANG_ENABLE_MODULES = YES;
				CLANG_ENABLE_OBJC_ARC = YES;
				CLANG_ENABLE_OBJC_WEAK = YES;
				CLANG_WARN_BLOCK_CAPTURE_AUTORELEASING = YES;
				CLANG_WARN_BOOL_CONVERSION = YES;
				CLANG_WARN_COMMA = YES;
				CLANG_WARN_CONSTANT_CONVERSION = YES;
				CLANG_WARN_DEPRECATED_OBJC_IMPLEMENTATIONS = YES;
				CLANG_WARN_DIRECT_OBJC_ISA_USAGE = YES_ERROR;
				CLANG_WARN_DOCUMENTATION_COMMENTS = YES;
				CLANG_WARN_EMPTY_BODY = YES;
				CLANG_WARN_ENUM_CONVERSION = YES;
				CLANG_WARN_INFINITE_RECURSION = YES;
				CLANG_WARN_INT_CONVERSION = YES;
				CLANG_WARN_NON_LITERAL_NULL_CONVERSION = YES;
				CLANG_WARN_OBJC_IMPLICIT_RETAIN_SELF = YES;
				CLANG_WARN_OBJC_LITERAL_CONVERSION = YES;
				CLANG_WARN_OBJC_ROOT_CLASS = YES_ERROR;
				CLANG_WARN_RANGE_LOOP_ANALYSIS = YES;
				CLANG_WARN_STRICT_PROTOTYPES = YES;
				CLANG_WARN_SUSPICIOUS_MOVE = YES;
				CLANG_WARN_UNGUARDED_AVAILABILITY = YES_AGGRESSIVE;
				CLANG_WARN_UNREACHABLE_CODE = YES;
				CLANG_WARN__DUPLICATE_METHOD_MATCH = YES;
				COPY_PHASE_STRIP = NO;
				DEBUG_INFORMATION_FORMAT = "dwarf-with-dsym";
				ENABLE_NS_ASSERTIONS = NO;
				ENABLE_STRICT_OBJC_MSGSEND = YES;
				GCC_C_LANGUAGE_STANDARD = gnu11;
				GCC_NO_COMMON_BLOCKS = YES;
				GCC_WARN_64_TO_32_BIT_CONVERSION = YES;
				GCC_WARN_ABOUT_RETURN_TYPE = YES_ERROR;
				GCC_WARN_UNDECLARED_SELECTOR = YES;
				GCC_WARN_UNINITIALIZED_AUTOS = YES_AGGRESSIVE;
				GCC_WARN_UNUSED_FUNCTION = YES;
				GCC_WARN_UNUSED_VARIABLE = YES;
				IPHONEOS_DEPLOYMENT_TARGET = 13.5;
				MTL_ENABLE_DEBUG_INFO = NO;
				MTL_FAST_MATH = YES;
				SDKROOT = iphoneos;
				SWIFT_COMPILATION_MODE = wholemodule;
				SWIFT_OPTIMIZATION_LEVEL = "-O";
				VALIDATE_PRODUCT = YES;
			};
			name = Release;
		};
		9FB9B81E24B2797300A266B3 /* Debug */ = {
			isa = XCBuildConfiguration;
			buildSettings = {
				ASSETCATALOG_COMPILER_APPICON_NAME = AppIcon;
				CODE_SIGN_STYLE = Automatic;
				DEVELOPMENT_TEAM = 363S9E428Y;
				INFOPLIST_FILE = ReadMoreLabel/Info.plist;
				LD_RUNPATH_SEARCH_PATHS = (
					"$(inherited)",
					"@executable_path/Frameworks",
				);
				PRODUCT_BUNDLE_IDENTIFIER = com.cedan.ReadMoreLabel;
				PRODUCT_NAME = "$(TARGET_NAME)";
				SWIFT_VERSION = 5.0;
				TARGETED_DEVICE_FAMILY = "1,2";
			};
			name = Debug;
		};
		9FB9B81F24B2797300A266B3 /* Release */ = {
			isa = XCBuildConfiguration;
			buildSettings = {
				ASSETCATALOG_COMPILER_APPICON_NAME = AppIcon;
				CODE_SIGN_STYLE = Automatic;
				DEVELOPMENT_TEAM = 363S9E428Y;
				INFOPLIST_FILE = ReadMoreLabel/Info.plist;
				LD_RUNPATH_SEARCH_PATHS = (
					"$(inherited)",
					"@executable_path/Frameworks",
				);
				PRODUCT_BUNDLE_IDENTIFIER = com.cedan.ReadMoreLabel;
				PRODUCT_NAME = "$(TARGET_NAME)";
				SWIFT_VERSION = 5.0;
				TARGETED_DEVICE_FAMILY = "1,2";
			};
			name = Release;
		};
		9FB9B82124B2797300A266B3 /* Debug */ = {
			isa = XCBuildConfiguration;
			buildSettings = {
				ALWAYS_EMBED_SWIFT_STANDARD_LIBRARIES = YES;
				BUNDLE_LOADER = "$(TEST_HOST)";
				CODE_SIGN_STYLE = Automatic;
				DEVELOPMENT_TEAM = 363S9E428Y;
				INFOPLIST_FILE = ReadMoreLabelTests/Info.plist;
				IPHONEOS_DEPLOYMENT_TARGET = 13.5;
				LD_RUNPATH_SEARCH_PATHS = (
					"$(inherited)",
					"@executable_path/Frameworks",
					"@loader_path/Frameworks",
				);
				PRODUCT_BUNDLE_IDENTIFIER = com.cedan.ReadMoreLabelTests;
				PRODUCT_NAME = "$(TARGET_NAME)";
				SWIFT_VERSION = 5.0;
				TARGETED_DEVICE_FAMILY = "1,2";
				TEST_HOST = "$(BUILT_PRODUCTS_DIR)/ReadMoreLabel.app/ReadMoreLabel";
			};
			name = Debug;
		};
		9FB9B82224B2797300A266B3 /* Release */ = {
			isa = XCBuildConfiguration;
			buildSettings = {
				ALWAYS_EMBED_SWIFT_STANDARD_LIBRARIES = YES;
				BUNDLE_LOADER = "$(TEST_HOST)";
				CODE_SIGN_STYLE = Automatic;
				DEVELOPMENT_TEAM = 363S9E428Y;
				INFOPLIST_FILE = ReadMoreLabelTests/Info.plist;
				IPHONEOS_DEPLOYMENT_TARGET = 13.5;
				LD_RUNPATH_SEARCH_PATHS = (
					"$(inherited)",
					"@executable_path/Frameworks",
					"@loader_path/Frameworks",
				);
				PRODUCT_BUNDLE_IDENTIFIER = com.cedan.ReadMoreLabelTests;
				PRODUCT_NAME = "$(TARGET_NAME)";
				SWIFT_VERSION = 5.0;
				TARGETED_DEVICE_FAMILY = "1,2";
				TEST_HOST = "$(BUILT_PRODUCTS_DIR)/ReadMoreLabel.app/ReadMoreLabel";
			};
			name = Release;
		};
		9FB9B82424B2797300A266B3 /* Debug */ = {
			isa = XCBuildConfiguration;
			buildSettings = {
				ALWAYS_EMBED_SWIFT_STANDARD_LIBRARIES = YES;
				CODE_SIGN_STYLE = Automatic;
				DEVELOPMENT_TEAM = 363S9E428Y;
				INFOPLIST_FILE = ReadMoreLabelUITests/Info.plist;
				LD_RUNPATH_SEARCH_PATHS = (
					"$(inherited)",
					"@executable_path/Frameworks",
					"@loader_path/Frameworks",
				);
				PRODUCT_BUNDLE_IDENTIFIER = com.cedan.ReadMoreLabelUITests;
				PRODUCT_NAME = "$(TARGET_NAME)";
				SWIFT_VERSION = 5.0;
				TARGETED_DEVICE_FAMILY = "1,2";
				TEST_TARGET_NAME = ReadMoreLabel;
			};
			name = Debug;
		};
		9FB9B82524B2797300A266B3 /* Release */ = {
			isa = XCBuildConfiguration;
			buildSettings = {
				ALWAYS_EMBED_SWIFT_STANDARD_LIBRARIES = YES;
				CODE_SIGN_STYLE = Automatic;
				DEVELOPMENT_TEAM = 363S9E428Y;
				INFOPLIST_FILE = ReadMoreLabelUITests/Info.plist;
				LD_RUNPATH_SEARCH_PATHS = (
					"$(inherited)",
					"@executable_path/Frameworks",
					"@loader_path/Frameworks",
				);
				PRODUCT_BUNDLE_IDENTIFIER = com.cedan.ReadMoreLabelUITests;
				PRODUCT_NAME = "$(TARGET_NAME)";
				SWIFT_VERSION = 5.0;
				TARGETED_DEVICE_FAMILY = "1,2";
				TEST_TARGET_NAME = ReadMoreLabel;
			};
			name = Release;
		};
/* End XCBuildConfiguration section */

/* Begin XCConfigurationList section */
		9FB9B7EE24B2796F00A266B3 /* Build configuration list for PBXProject "ReadMoreLabel" */ = {
			isa = XCConfigurationList;
			buildConfigurations = (
				9FB9B81B24B2797300A266B3 /* Debug */,
				9FB9B81C24B2797300A266B3 /* Release */,
			);
			defaultConfigurationIsVisible = 0;
			defaultConfigurationName = Release;
		};
		9FB9B81D24B2797300A266B3 /* Build configuration list for PBXNativeTarget "ReadMoreLabel" */ = {
			isa = XCConfigurationList;
			buildConfigurations = (
				9FB9B81E24B2797300A266B3 /* Debug */,
				9FB9B81F24B2797300A266B3 /* Release */,
			);
			defaultConfigurationIsVisible = 0;
			defaultConfigurationName = Release;
		};
		9FB9B82024B2797300A266B3 /* Build configuration list for PBXNativeTarget "ReadMoreLabelTests" */ = {
			isa = XCConfigurationList;
			buildConfigurations = (
				9FB9B82124B2797300A266B3 /* Debug */,
				9FB9B82224B2797300A266B3 /* Release */,
			);
			defaultConfigurationIsVisible = 0;
			defaultConfigurationName = Release;
		};
		9FB9B82324B2797300A266B3 /* Build configuration list for PBXNativeTarget "ReadMoreLabelUITests" */ = {
			isa = XCConfigurationList;
			buildConfigurations = (
				9FB9B82424B2797300A266B3 /* Debug */,
				9FB9B82524B2797300A266B3 /* Release */,
			);
			defaultConfigurationIsVisible = 0;
			defaultConfigurationName = Release;
		};
/* End XCConfigurationList section */
	};
	rootObject = 9FB9B7EB24B2796F00A266B3 /* Project object */;
}
